{
  "name": "bradbader.github.io",
  "version": "1.0.0",
  "lockfileVersion": 1,
  "requires": true,
  "dependencies": {
    "@mdi/font": {
      "version": "3.4.93",
      "resolved": "https://registry.npmjs.org/@mdi/font/-/font-3.4.93.tgz",
      "integrity": "sha512-iXNInmV6Xlmq8SA1zvYxp4uUA7/Z3cNgiK+Ps8UmHZNn1FLD6KDgeg0XE5RCraK+9qPWl8jsiBMpmbs+RFxI4Q=="
    }
  }
}
